
Microsoft Visual Studio Solution File, Format Version 12.00
# Visual Studio 14
VisualStudioVersion = 14.0.24720.0
MinimumVisualStudioVersion = 10.0.40219.1
Project("{FAE04EC0-301F-11D3-BF4B-00C04F79EFBC}") = "Exercice1", "TP1\Exercice1.csproj", "{F67C8649-A595-4E8C-992E-D87C350D310C}"
EndProject
Project("{FAE04EC0-301F-11D3-BF4B-00C04F79EFBC}") = "Exercice2", "Exercice2\Exercice2.csproj", "{AE4A97C3-DE99-451E-ABB9-6ACA290E6979}"
EndProject
Global
	GlobalSection(SolutionConfigurationPlatforms) = preSolution
		Debug|Any CPU = Debug|Any CPU
		Release|Any CPU = Release|Any CPU
	EndGlobalSection
	GlobalSection(ProjectConfigurationPlatforms) = postSolution
		{F67C8649-A595-4E8C-992E-D87C350D310C}.Debug|Any CPU.ActiveCfg = Debug|Any CPU
		{F67C8649-A595-4E8C-992E-D87C350D310C}.Debug|Any CPU.Build.0 = Debug|Any CPU
		{F67C8649-A595-4E8C-992E-D87C350D310C}.Release|Any CPU.ActiveCfg = Release|Any CPU
		{F67C8649-A595-4E8C-992E-D87C350D310C}.Release|Any CPU.Build.0 = Release|Any CPU
		{AE4A97C3-DE99-451E-ABB9-6ACA290E6979}.Debug|Any CPU.ActiveCfg = Debug|Any CPU
		{AE4A97C3-DE99-451E-ABB9-6ACA290E6979}.Debug|Any CPU.Build.0 = Debug|Any CPU
		{AE4A97C3-DE99-451E-ABB9-6ACA290E6979}.Release|Any CPU.ActiveCfg = Release|Any CPU
		{AE4A97C3-DE99-451E-ABB9-6ACA290E6979}.Release|Any CPU.Build.0 = Release|Any CPU
	EndGlobalSection
	GlobalSection(SolutionProperties) = preSolution
		HideSolutionNode = FALSE
	EndGlobalSection
EndGlobal
